
Microsoft Visual Studio Solution File, Format Version 12.00
# Visual Studio Version 18
VisualStudioVersion = 18.4.11612.150 stable
MinimumVisualStudioVersion = 10.0.40219.1
Project("{FAE04EC0-301F-11D3-BF4B-00C04F79EFBC}") = "ContractDiffTool", "ContractDiffTool.csproj", "{B6D268DB-D5FC-5ED9-C5B2-E23C7233CFB1}"
EndProject
Global
	GlobalSection(SolutionConfigurationPlatforms) = preSolution
		Debug|Any CPU = Debug|Any CPU
		Release|Any CPU = Release|Any CPU
	EndGlobalSection
	GlobalSection(ProjectConfigurationPlatforms) = postSolution
		{B6D268DB-D5FC-5ED9-C5B2-E23C7233CFB1}.Debug|Any CPU.ActiveCfg = Debug|Any CPU
		{B6D268DB-D5FC-5ED9-C5B2-E23C7233CFB1}.Debug|Any CPU.Build.0 = Debug|Any CPU
		{B6D268DB-D5FC-5ED9-C5B2-E23C7233CFB1}.Release|Any CPU.ActiveCfg = Release|Any CPU
		{B6D268DB-D5FC-5ED9-C5B2-E23C7233CFB1}.Release|Any CPU.Build.0 = Release|Any CPU
	EndGlobalSection
	GlobalSection(SolutionProperties) = preSolution
		HideSolutionNode = FALSE
	EndGlobalSection
	GlobalSection(ExtensibilityGlobals) = postSolution
		SolutionGuid = {54951768-BDA3-46CA-93D5-041F1C8EDE5A}
	EndGlobalSection
EndGlobal
